// !$*UTF8*$!
{
	archiveVersion = 1;
	classes = {
	};
	objectVersion = 50;
	objects = {

/* Begin PBXBuildFile section */
		9FBA21362379BE680056C514 /* AppDelegate.swift in Sources */ = {isa = PBXBuildFile; fileRef = 9FBA21352379BE680056C514 /* AppDelegate.swift */; };
		9FBA21382379BE680056C514 /* SceneDelegate.swift in Sources */ = {isa = PBXBuildFile; fileRef = 9FBA21372379BE680056C514 /* SceneDelegate.swift */; };
		9FBA213A2379BE680056C514 /* ViewController.swift in Sources */ = {isa = PBXBuildFile; fileRef = 9FBA21392379BE680056C514 /* ViewController.swift */; };
		9FBA213D2379BE680056C514 /* Main.storyboard in Resources */ = {isa = PBXBuildFile; fileRef = 9FBA213B2379BE680056C514 /* Main.storyboard */; };
		9FBA213F2379BE690056C514 /* Assets.xcassets in Resources */ = {isa = PBXBuildFile; fileRef = 9FBA213E2379BE690056C514 /* Assets.xcassets */; };
		9FBA21422379BE690056C514 /* LaunchScreen.storyboard in Resources */ = {isa = PBXBuildFile; fileRef = 9FBA21402379BE690056C514 /* LaunchScreen.storyboard */; };
		9FBA214A2379BEBD0056C514 /* Country.swift in Sources */ = {isa = PBXBuildFile; fileRef = 9FBA21492379BEBD0056C514 /* Country.swift */; };
/* End PBXBuildFile section */

/* Begin PBXFileReference section */
		9FBA21322379BE680056C514 /* TableViews November 11 2019.app */ = {isa = PBXFileReference; explicitFileType = wrapper.application; includeInIndex = 0; path = "TableViews November 11 2019.app"; sourceTree = BUILT_PRODUCTS_DIR; };
		9FBA21352379BE680056C514 /* AppDelegate.swift */ = {isa = PBXFileReference; lastKnownFileType = sourcecode.swift; path = AppDelegate.swift; sourceTree = "<group>"; };
		9FBA21372379BE680056C514 /* SceneDelegate.swift */ = {isa = PBXFileReference; lastKnownFileType = sourcecode.swift; path = SceneDelegate.swift; sourceTree = "<group>"; };
		9FBA21392379BE680056C514 /* ViewController.swift */ = {isa = PBXFileReference; lastKnownFileType = sourcecode.swift; path = ViewController.swift; sourceTree = "<group>"; };
		9FBA213C2379BE680056C514 /* Base */ = {isa = PBXFileReference; lastKnownFileType = file.storyboard; name = Base; path = Base.lproj/Main.storyboard; sourceTree = "<group>"; };
		9FBA213E2379BE690056C514 /* Assets.xcassets */ = {isa = PBXFileReference; lastKnownFileType = folder.assetcatalog; path = Assets.xcassets; sourceTree = "<group>"; };
		9FBA21412379BE690056C514 /* Base */ = {isa = PBXFileReference; lastKnownFileType = file.storyboard; name = Base; path = Base.lproj/LaunchScreen.storyboard; sourceTree = "<group>"; };
		9FBA21432379BE690056C514 /* Info.plist */ = {isa = PBXFileReference; lastKnownFileType = text.plist.xml; path = Info.plist; sourceTree = "<group>"; };
		9FBA21492379BEBD0056C514 /* Country.swift */ = {isa = PBXFileReference; lastKnownFileType = sourcecode.swift; path = Country.swift; sourceTree = "<group>"; };
/* End PBXFileReference section */

/* Begin PBXFrameworksBuildPhase section */
		9FBA212F2379BE680056C514 /* Frameworks */ = {
			isa = PBXFrameworksBuildPhase;
			buildActionMask = 2147483647;
			files = (
			);
			runOnlyForDeploymentPostprocessing = 0;
		};
/* End PBXFrameworksBuildPhase section */

/* Begin PBXGroup section */
		9FBA21292379BE670056C514 = {
			isa = PBXGroup;
			children = (
				9FBA21342379BE680056C514 /* TableViews November 11 2019 */,
				9FBA21332379BE680056C514 /* Products */,
			);
			sourceTree = "<group>";
		};
		9FBA21332379BE680056C514 /* Products */ = {
			isa = PBXGroup;
			children = (
				9FBA21322379BE680056C514 /* TableViews November 11 2019.app */,
			);
			name = Products;
			sourceTree = "<group>";
		};
		9FBA21342379BE680056C514 /* TableViews November 11 2019 */ = {
			isa = PBXGroup;
			children = (
				9FBA21352379BE680056C514 /* AppDelegate.swift */,
				9FBA21372379BE680056C514 /* SceneDelegate.swift */,
				9FBA21492379BEBD0056C514 /* Country.swift */,
				9FBA21392379BE680056C514 /* ViewController.swift */,
				9FBA213B2379BE680056C514 /* Main.storyboard */,
				9FBA213E2379BE690056C514 /* Assets.xcassets */,
				9FBA21402379BE690056C514 /* LaunchScreen.storyboard */,
				9FBA21432379BE690056C514 /* Info.plist */,
			);
			path = "TableViews November 11 2019";
			sourceTree = "<group>";
		};
/* End PBXGroup section */

/* Begin PBXNativeTarget section */
		9FBA21312379BE680056C514 /* TableViews November 11 2019 */ = {
			isa = PBXNativeTarget;
			buildConfigurationList = 9FBA21462379BE690056C514 /* Build configuration list for PBXNativeTarget "TableViews November 11 2019" */;
			buildPhases = (
				9FBA212E2379BE680056C514 /* Sources */,
				9FBA212F2379BE680056C514 /* Frameworks */,
				9FBA21302379BE680056C514 /* Resources */,
			);
			buildRules = (
			);
			dependencies = (
			);
			name = "TableViews November 11 2019";
			productName = "TableViews November 11 2019";
			productReference = 9FBA21322379BE680056C514 /* TableViews November 11 2019.app */;
			productType = "com.apple.product-type.application";
		};
/* End PBXNativeTarget section */

/* Begin PBXProject section */
		9FBA212A2379BE670056C514 /* Project object */ = {
			isa = PBXProject;
			attributes = {
				LastSwiftUpdateCheck = 1120;
				LastUpgradeCheck = 1120;
				ORGANIZATIONNAME = "Margiett Gil";
				TargetAttributes = {
					9FBA21312379BE680056C514 = {
						CreatedOnToolsVersion = 11.2;
					};
				};
			};
			buildConfigurationList = 9FBA212D2379BE670056C514 /* Build configuration list for PBXProject "TableViews November 11 2019" */;
			compatibilityVersion = "Xcode 9.3";
			developmentRegion = en;
			hasScannedForEncodings = 0;
			knownRegions = (
				en,
				Base,
			);
			mainGroup = 9FBA21292379BE670056C514;
			productRefGroup = 9FBA21332379BE680056C514 /* Products */;
			projectDirPath = "";
			projectRoot = "";
			targets = (
				9FBA21312379BE680056C514 /* TableViews November 11 2019 */,
			);
		};
/* End PBXProject section */

/* Begin PBXResourcesBuildPhase section */
		9FBA21302379BE680056C514 /* Resources */ = {
			isa = PBXResourcesBuildPhase;
			buildActionMask = 2147483647;
			files = (
				9FBA21422379BE690056C514 /* LaunchScreen.storyboard in Resources */,
				9FBA213F2379BE690056C514 /* Assets.xcassets in Resources */,
				9FBA213D2379BE680056C514 /* Main.storyboard in Resources */,
			);
			runOnlyForDeploymentPostprocessing = 0;
		};
/* End PBXResourcesBuildPhase section */

/* Begin PBXSourcesBuildPhase section */
		9FBA212E2379BE680056C514 /* Sources */ = {
			isa = PBXSourcesBuildPhase;
			buildActionMask = 2147483647;
			files = (
				9FBA214A2379BEBD0056C514 /* Country.swift in Sources */,
				9FBA213A2379BE680056C514 /* ViewController.swift in Sources */,
				9FBA21362379BE680056C514 /* AppDelegate.swift in Sources */,
				9FBA21382379BE680056C514 /* SceneDelegate.swift in Sources */,
			);
			runOnlyForDeploymentPostprocessing = 0;
		};
/* End PBXSourcesBuildPhase section */

/* Begin PBXVariantGroup section */
		9FBA213B2379BE680056C514 /* Main.storyboard */ = {
			isa = PBXVariantGroup;
			children = (
				9FBA213C2379BE680056C514 /* Base */,
			);
			name = Main.storyboard;
			sourceTree = "<group>";
		};
		9FBA21402379BE690056C514 /* LaunchScreen.storyboard */ = {
			isa = PBXVariantGroup;
			children = (
				9FBA21412379BE690056C514 /* Base */,
			);
			name = LaunchScreen.storyboard;
			sourceTree = "<group>";
		};
/* End PBXVariantGroup section */

/* Begin XCBuildConfiguration section */
		9FBA21442379BE690056C514 /* Debug */ = {
			isa = XCBuildConfiguration;
			buildSettings = {
				ALWAYS_SEARCH_USER_PATHS = NO;
				CLANG_ANALYZER_NONNULL = YES;
				CLANG_ANALYZER_NUMBER_OBJECT_CONVERSION = YES_AGGRESSIVE;
				CLANG_CXX_LANGUAGE_STANDARD = "gnu++14";
				CLANG_CXX_LIBRARY = "libc++";
				CLANG_ENABLE_MODULES = YES;
				CLANG_ENABLE_OBJC_ARC = YES;
				CLANG_ENABLE_OBJC_WEAK = YES;
				CLANG_WARN_BLOCK_CAPTURE_AUTORELEASING = YES;
				CLANG_WARN_BOOL_CONVERSION = YES;
				CLANG_WARN_COMMA = YES;
				CLANG_WARN_CONSTANT_CONVERSION = YES;
				CLANG_WARN_DEPRECATED_OBJC_IMPLEMENTATIONS = YES;
				CLANG_WARN_DIRECT_OBJC_ISA_USAGE = YES_ERROR;
				CLANG_WARN_DOCUMENTATION_COMMENTS = YES;
				CLANG_WARN_EMPTY_BODY = YES;
				CLANG_WARN_ENUM_CONVERSION = YES;
				CLANG_WARN_INFINITE_RECURSION = YES;
				CLANG_WARN_INT_CONVERSION = YES;
				CLANG_WARN_NON_LITERAL_NULL_CONVERSION = YES;
				CLANG_WARN_OBJC_IMPLICIT_RETAIN_SELF = YES;
				CLANG_WARN_OBJC_LITERAL_CONVERSION = YES;
				CLANG_WARN_OBJC_ROOT_CLASS = YES_ERROR;
				CLANG_WARN_RANGE_LOOP_ANALYSIS = YES;
				CLANG_WARN_STRICT_PROTOTYPES = YES;
				CLANG_WARN_SUSPICIOUS_MOVE = YES;
				CLANG_WARN_UNGUARDED_AVAILABILITY = YES_AGGRESSIVE;
				CLANG_WARN_UNREACHABLE_CODE = YES;
				CLANG_WARN__DUPLICATE_METHOD_MATCH = YES;
				COPY_PHASE_STRIP = NO;
				DEBUG_INFORMATION_FORMAT = dwarf;
				ENABLE_STRICT_OBJC_MSGSEND = YES;
				ENABLE_TESTABILITY = YES;
				GCC_C_LANGUAGE_STANDARD = gnu11;
				GCC_DYNAMIC_NO_PIC = NO;
				GCC_NO_COMMON_BLOCKS = YES;
				GCC_OPTIMIZATION_LEVEL = 0;
				GCC_PREPROCESSOR_DEFINITIONS = (
					"DEBUG=1",
					"$(inherited)",
				);
				GCC_WARN_64_TO_32_BIT_CONVERSION = YES;
				GCC_WARN_ABOUT_RETURN_TYPE = YES_ERROR;
				GCC_WARN_UNDECLARED_SELECTOR = YES;
				GCC_WARN_UNINITIALIZED_AUTOS = YES_AGGRESSIVE;
				GCC_WARN_UNUSED_FUNCTION = YES;
				GCC_WARN_UNUSED_VARIABLE = YES;
				IPHONEOS_DEPLOYMENT_TARGET = 13.2;
				MTL_ENABLE_DEBUG_INFO = INCLUDE_SOURCE;
				MTL_FAST_MATH = YES;
				ONLY_ACTIVE_ARCH = YES;
				SDKROOT = iphoneos;
				SWIFT_ACTIVE_COMPILATION_CONDITIONS = DEBUG;
				SWIFT_OPTIMIZATION_LEVEL = "-Onone";
			};
			name = Debug;
		};
		9FBA21452379BE690056C514 /* Release */ = {
			isa = XCBuildConfiguration;
			buildSettings = {
				ALWAYS_SEARCH_USER_PATHS = NO;
				CLANG_ANALYZER_NONNULL = YES;
				CLANG_ANALYZER_NUMBER_OBJECT_CONVERSION = YES_AGGRESSIVE;
				CLANG_CXX_LANGUAGE_STANDARD = "gnu++14";
				CLANG_CXX_LIBRARY = "libc++";
				CLANG_ENABLE_MODULES = YES;
				CLANG_ENABLE_OBJC_ARC = YES;
				CLANG_ENABLE_OBJC_WEAK = YES;
				CLANG_WARN_BLOCK_CAPTURE_AUTORELEASING = YES;
				CLANG_WARN_BOOL_CONVERSION = YES;
				CLANG_WARN_COMMA = YES;
				CLANG_WARN_CONSTANT_CONVERSION = YES;
				CLANG_WARN_DEPRECATED_OBJC_IMPLEMENTATIONS = YES;
				CLANG_WARN_DIRECT_OBJC_ISA_USAGE = YES_ERROR;
				CLANG_WARN_DOCUMENTATION_COMMENTS = YES;
				CLANG_WARN_EMPTY_BODY = YES;
				CLANG_WARN_ENUM_CONVERSION = YES;
				CLANG_WARN_INFINITE_RECURSION = YES;
				CLANG_WARN_INT_CONVERSION = YES;
				CLANG_WARN_NON_LITERAL_NULL_CONVERSION = YES;
				CLANG_WARN_OBJC_IMPLICIT_RETAIN_SELF = YES;
				CLANG_WARN_OBJC_LITERAL_CONVERSION = YES;
				CLANG_WARN_OBJC_ROOT_CLASS = YES_ERROR;
				CLANG_WARN_RANGE_LOOP_ANALYSIS = YES;
				CLANG_WARN_STRICT_PROTOTYPES = YES;
				CLANG_WARN_SUSPICIOUS_MOVE = YES;
				CLANG_WARN_UNGUARDED_AVAILABILITY = YES_AGGRESSIVE;
				CLANG_WARN_UNREACHABLE_CODE = YES;
				CLANG_WARN__DUPLICATE_METHOD_MATCH = YES;
				COPY_PHASE_STRIP = NO;
				DEBUG_INFORMATION_FORMAT = "dwarf-with-dsym";
				ENABLE_NS_ASSERTIONS = NO;
				ENABLE_STRICT_OBJC_MSGSEND = YES;
				GCC_C_LANGUAGE_STANDARD = gnu11;
				GCC_NO_COMMON_BLOCKS = YES;
				GCC_WARN_64_TO_32_BIT_CONVERSION = YES;
				GCC_WARN_ABOUT_RETURN_TYPE = YES_ERROR;
				GCC_WARN_UNDECLARED_SELECTOR = YES;
				GCC_WARN_UNINITIALIZED_AUTOS = YES_AGGRESSIVE;
				GCC_WARN_UNUSED_FUNCTION = YES;
				GCC_WARN_UNUSED_VARIABLE = YES;
				IPHONEOS_DEPLOYMENT_TARGET = 13.2;
				MTL_ENABLE_DEBUG_INFO = NO;
				MTL_FAST_MATH = YES;
				SDKROOT = iphoneos;
				SWIFT_COMPILATION_MODE = wholemodule;
				SWIFT_OPTIMIZATION_LEVEL = "-O";
				VALIDATE_PRODUCT = YES;
			};
			name = Release;
		};
		9FBA21472379BE690056C514 /* Debug */ = {
			isa = XCBuildConfiguration;
			buildSettings = {
				ASSETCATALOG_COMPILER_APPICON_NAME = AppIcon;
				CODE_SIGN_STYLE = Automatic;
				DEVELOPMENT_TEAM = J35376R2S6;
				INFOPLIST_FILE = "TableViews November 11 2019/Info.plist";
				LD_RUNPATH_SEARCH_PATHS = (
					"$(inherited)",
					"@executable_path/Frameworks",
				);
				PRODUCT_BUNDLE_IDENTIFIER = "com.Margiett.TableViews-November-11-2019";
				PRODUCT_NAME = "$(TARGET_NAME)";
				SWIFT_VERSION = 5.0;
				TARGETED_DEVICE_FAMILY = "1,2";
			};
			name = Debug;
		};
		9FBA21482379BE690056C514 /* Release */ = {
			isa = XCBuildConfiguration;
			buildSettings = {
				ASSETCATALOG_COMPILER_APPICON_NAME = AppIcon;
				CODE_SIGN_STYLE = Automatic;
				DEVELOPMENT_TEAM = J35376R2S6;
				INFOPLIST_FILE = "TableViews November 11 2019/Info.plist";
				LD_RUNPATH_SEARCH_PATHS = (
					"$(inherited)",
					"@executable_path/Frameworks",
				);
				PRODUCT_BUNDLE_IDENTIFIER = "com.Margiett.TableViews-November-11-2019";
				PRODUCT_NAME = "$(TARGET_NAME)";
				SWIFT_VERSION = 5.0;
				TARGETED_DEVICE_FAMILY = "1,2";
			};
			name = Release;
		};
/* End XCBuildConfiguration section */

/* Begin XCConfigurationList section */
		9FBA212D2379BE670056C514 /* Build configuration list for PBXProject "TableViews November 11 2019" */ = {
			isa = XCConfigurationList;
			buildConfigurations = (
				9FBA21442379BE690056C514 /* Debug */,
				9FBA21452379BE690056C514 /* Release */,
			);
			defaultConfigurationIsVisible = 0;
			defaultConfigurationName = Release;
		};
		9FBA21462379BE690056C514 /* Build configuration list for PBXNativeTarget "TableViews November 11 2019" */ = {
			isa = XCConfigurationList;
			buildConfigurations = (
				9FBA21472379BE690056C514 /* Debug */,
				9FBA21482379BE690056C514 /* Release */,
			);
			defaultConfigurationIsVisible = 0;
			defaultConfigurationName = Release;
		};
/* End XCConfigurationList section */
	};
	rootObject = 9FBA212A2379BE670056C514 /* Project object */;
}
